
Microsoft Visual Studio Solution File, Format Version 12.00
# Visual Studio Version 16
VisualStudioVersion = 16.0.29613.14
MinimumVisualStudioVersion = 10.0.40219.1
Project("{FAE04EC0-301F-11D3-BF4B-00C04F79EFBC}") = "LoanReg", "LoanReg\LoanReg.csproj", "{C898B0AF-2366-495B-B6A9-AA2D7246AC87}"
EndProject
Project("{FAE04EC0-301F-11D3-BF4B-00C04F79EFBC}") = "LoanReg.Data", "LoanReg.Data\LoanReg.Data.csproj", "{2DDBEDDA-D14A-4736-AA88-0FB0620F2E5F}"
EndProject
Project("{FAE04EC0-301F-11D3-BF4B-00C04F79EFBC}") = "LoanReg.Model", "LoanReg.Model\LoanReg.Model.csproj", "{20488313-1206-4707-BB21-F4A2EDE445F5}"
EndProject
Global
	GlobalSection(SolutionConfigurationPlatforms) = preSolution
		Debug|Any CPU = Debug|Any CPU
		Release|Any CPU = Release|Any CPU
	EndGlobalSection
	GlobalSection(ProjectConfigurationPlatforms) = postSolution
		{C898B0AF-2366-495B-B6A9-AA2D7246AC87}.Debug|Any CPU.ActiveCfg = Debug|Any CPU
		{C898B0AF-2366-495B-B6A9-AA2D7246AC87}.Debug|Any CPU.Build.0 = Debug|Any CPU
		{C898B0AF-2366-495B-B6A9-AA2D7246AC87}.Release|Any CPU.ActiveCfg = Release|Any CPU
		{C898B0AF-2366-495B-B6A9-AA2D7246AC87}.Release|Any CPU.Build.0 = Release|Any CPU
		{2DDBEDDA-D14A-4736-AA88-0FB0620F2E5F}.Debug|Any CPU.ActiveCfg = Debug|Any CPU
		{2DDBEDDA-D14A-4736-AA88-0FB0620F2E5F}.Debug|Any CPU.Build.0 = Debug|Any CPU
		{2DDBEDDA-D14A-4736-AA88-0FB0620F2E5F}.Release|Any CPU.ActiveCfg = Release|Any CPU
		{2DDBEDDA-D14A-4736-AA88-0FB0620F2E5F}.Release|Any CPU.Build.0 = Release|Any CPU
		{20488313-1206-4707-BB21-F4A2EDE445F5}.Debug|Any CPU.ActiveCfg = Debug|Any CPU
		{20488313-1206-4707-BB21-F4A2EDE445F5}.Debug|Any CPU.Build.0 = Debug|Any CPU
		{20488313-1206-4707-BB21-F4A2EDE445F5}.Release|Any CPU.ActiveCfg = Release|Any CPU
		{20488313-1206-4707-BB21-F4A2EDE445F5}.Release|Any CPU.Build.0 = Release|Any CPU
	EndGlobalSection
	GlobalSection(SolutionProperties) = preSolution
		HideSolutionNode = FALSE
	EndGlobalSection
	GlobalSection(ExtensibilityGlobals) = postSolution
		SolutionGuid = {B68DE34D-C3F6-458D-81AC-C5361DCDC197}
	EndGlobalSection
EndGlobal
